// !$*UTF8*$!
{
	archiveVersion = 1;
	classes = {
	};
	objectVersion = 56;
	objects = {

/* Begin PBXBuildFile section */
		792CA90A2B728D8500E7A431 /* MFTApp.swift in Sources */ = {isa = PBXBuildFile; fileRef = 792CA9092B728D8500E7A431 /* MFTApp.swift */; };
		792CA90C2B728D8500E7A431 /* ContentView.swift in Sources */ = {isa = PBXBuildFile; fileRef = 792CA90B2B728D8500E7A431 /* ContentView.swift */; };
		792CA90E2B728D8500E7A431 /* Item.swift in Sources */ = {isa = PBXBuildFile; fileRef = 792CA90D2B728D8500E7A431 /* Item.swift */; };
		792CA9102B728D8700E7A431 /* Assets.xcassets in Resources */ = {isa = PBXBuildFile; fileRef = 792CA90F2B728D8700E7A431 /* Assets.xcassets */; };
		792CA9132B728D8700E7A431 /* Preview Assets.xcassets in Resources */ = {isa = PBXBuildFile; fileRef = 792CA9122B728D8700E7A431 /* Preview Assets.xcassets */; };
		792CA91D2B728D8800E7A431 /* MFTTests.swift in Sources */ = {isa = PBXBuildFile; fileRef = 792CA91C2B728D8800E7A431 /* MFTTests.swift */; };
		792CA9272B728D8800E7A431 /* MFTUITests.swift in Sources */ = {isa = PBXBuildFile; fileRef = 792CA9262B728D8800E7A431 /* MFTUITests.swift */; };
		792CA9292B728D8800E7A431 /* MFTUITestsLaunchTests.swift in Sources */ = {isa = PBXBuildFile; fileRef = 792CA9282B728D8800E7A431 /* MFTUITestsLaunchTests.swift */; };
		792CA9392B7292B800E7A431 /* HealthController.swift in Sources */ = {isa = PBXBuildFile; fileRef = 792CA9382B7292B800E7A431 /* HealthController.swift */; };
		792CA93B2B72A9B700E7A431 /* BarGraphView.swift in Sources */ = {isa = PBXBuildFile; fileRef = 792CA93A2B72A9B700E7A431 /* BarGraphView.swift */; };
/* End PBXBuildFile section */

/* Begin PBXContainerItemProxy section */
		792CA9192B728D8800E7A431 /* PBXContainerItemProxy */ = {
			isa = PBXContainerItemProxy;
			containerPortal = 792CA8FE2B728D8500E7A431 /* Project object */;
			proxyType = 1;
			remoteGlobalIDString = 792CA9052B728D8500E7A431;
			remoteInfo = MFT;
		};
		792CA9232B728D8800E7A431 /* PBXContainerItemProxy */ = {
			isa = PBXContainerItemProxy;
			containerPortal = 792CA8FE2B728D8500E7A431 /* Project object */;
			proxyType = 1;
			remoteGlobalIDString = 792CA9052B728D8500E7A431;
			remoteInfo = MFT;
		};
/* End PBXContainerItemProxy section */

/* Begin PBXFileReference section */
		792CA9062B728D8500E7A431 /* MFT.app */ = {isa = PBXFileReference; explicitFileType = wrapper.application; includeInIndex = 0; path = MFT.app; sourceTree = BUILT_PRODUCTS_DIR; };
		792CA9092B728D8500E7A431 /* MFTApp.swift */ = {isa = PBXFileReference; lastKnownFileType = sourcecode.swift; path = MFTApp.swift; sourceTree = "<group>"; };
		792CA90B2B728D8500E7A431 /* ContentView.swift */ = {isa = PBXFileReference; lastKnownFileType = sourcecode.swift; path = ContentView.swift; sourceTree = "<group>"; };
		792CA90D2B728D8500E7A431 /* Item.swift */ = {isa = PBXFileReference; lastKnownFileType = sourcecode.swift; path = Item.swift; sourceTree = "<group>"; };
		792CA90F2B728D8700E7A431 /* Assets.xcassets */ = {isa = PBXFileReference; lastKnownFileType = folder.assetcatalog; path = Assets.xcassets; sourceTree = "<group>"; };
		792CA9122B728D8700E7A431 /* Preview Assets.xcassets */ = {isa = PBXFileReference; lastKnownFileType = folder.assetcatalog; path = "Preview Assets.xcassets"; sourceTree = "<group>"; };
		792CA9182B728D8800E7A431 /* MFTTests.xctest */ = {isa = PBXFileReference; explicitFileType = wrapper.cfbundle; includeInIndex = 0; path = MFTTests.xctest; sourceTree = BUILT_PRODUCTS_DIR; };
		792CA91C2B728D8800E7A431 /* MFTTests.swift */ = {isa = PBXFileReference; lastKnownFileType = sourcecode.swift; path = MFTTests.swift; sourceTree = "<group>"; };
		792CA9222B728D8800E7A431 /* MFTUITests.xctest */ = {isa = PBXFileReference; explicitFileType = wrapper.cfbundle; includeInIndex = 0; path = MFTUITests.xctest; sourceTree = BUILT_PRODUCTS_DIR; };
		792CA9262B728D8800E7A431 /* MFTUITests.swift */ = {isa = PBXFileReference; lastKnownFileType = sourcecode.swift; path = MFTUITests.swift; sourceTree = "<group>"; };
		792CA9282B728D8800E7A431 /* MFTUITestsLaunchTests.swift */ = {isa = PBXFileReference; lastKnownFileType = sourcecode.swift; path = MFTUITestsLaunchTests.swift; sourceTree = "<group>"; };
		792CA9352B728F4500E7A431 /* MFT.entitlements */ = {isa = PBXFileReference; lastKnownFileType = text.plist.entitlements; path = MFT.entitlements; sourceTree = "<group>"; };
		792CA9362B72905A00E7A431 /* Info.plist */ = {isa = PBXFileReference; lastKnownFileType = text.plist; path = Info.plist; sourceTree = "<group>"; };
		792CA9382B7292B800E7A431 /* HealthController.swift */ = {isa = PBXFileReference; lastKnownFileType = sourcecode.swift; path = HealthController.swift; sourceTree = "<group>"; };
		792CA93A2B72A9B700E7A431 /* BarGraphView.swift */ = {isa = PBXFileReference; lastKnownFileType = sourcecode.swift; path = BarGraphView.swift; sourceTree = "<group>"; };
/* End PBXFileReference section */

/* Begin PBXFrameworksBuildPhase section */
		792CA9032B728D8500E7A431 /* Frameworks */ = {
			isa = PBXFrameworksBuildPhase;
			buildActionMask = 2147483647;
			files = (
			);
			runOnlyForDeploymentPostprocessing = 0;
		};
		792CA9152B728D8800E7A431 /* Frameworks */ = {
			isa = PBXFrameworksBuildPhase;
			buildActionMask = 2147483647;
			files = (
			);
			runOnlyForDeploymentPostprocessing = 0;
		};
		792CA91F2B728D8800E7A431 /* Frameworks */ = {
			isa = PBXFrameworksBuildPhase;
			buildActionMask = 2147483647;
			files = (
			);
			runOnlyForDeploymentPostprocessing = 0;
		};
/* End PBXFrameworksBuildPhase section */

/* Begin PBXGroup section */
		792CA8FD2B728D8500E7A431 = {
			isa = PBXGroup;
			children = (
				792CA9082B728D8500E7A431 /* MFT */,
				792CA91B2B728D8800E7A431 /* MFTTests */,
				792CA9252B728D8800E7A431 /* MFTUITests */,
				792CA9072B728D8500E7A431 /* Products */,
			);
			sourceTree = "<group>";
		};
		792CA9072B728D8500E7A431 /* Products */ = {
			isa = PBXGroup;
			children = (
				792CA9062B728D8500E7A431 /* MFT.app */,
				792CA9182B728D8800E7A431 /* MFTTests.xctest */,
				792CA9222B728D8800E7A431 /* MFTUITests.xctest */,
			);
			name = Products;
			sourceTree = "<group>";
		};
		792CA9082B728D8500E7A431 /* MFT */ = {
			isa = PBXGroup;
			children = (
				792CA9372B72929300E7A431 /* Controller */,
				792CA9362B72905A00E7A431 /* Info.plist */,
				792CA9352B728F4500E7A431 /* MFT.entitlements */,
				792CA9092B728D8500E7A431 /* MFTApp.swift */,
				792CA90B2B728D8500E7A431 /* ContentView.swift */,
				792CA90D2B728D8500E7A431 /* Item.swift */,
				792CA90F2B728D8700E7A431 /* Assets.xcassets */,
				792CA9112B728D8700E7A431 /* Preview Content */,
				792CA93A2B72A9B700E7A431 /* BarGraphView.swift */,
			);
			path = MFT;
			sourceTree = "<group>";
		};
		792CA9112B728D8700E7A431 /* Preview Content */ = {
			isa = PBXGroup;
			children = (
				792CA9122B728D8700E7A431 /* Preview Assets.xcassets */,
			);
			path = "Preview Content";
			sourceTree = "<group>";
		};
		792CA91B2B728D8800E7A431 /* MFTTests */ = {
			isa = PBXGroup;
			children = (
				792CA91C2B728D8800E7A431 /* MFTTests.swift */,
			);
			path = MFTTests;
			sourceTree = "<group>";
		};
		792CA9252B728D8800E7A431 /* MFTUITests */ = {
			isa = PBXGroup;
			children = (
				792CA9262B728D8800E7A431 /* MFTUITests.swift */,
				792CA9282B728D8800E7A431 /* MFTUITestsLaunchTests.swift */,
			);
			path = MFTUITests;
			sourceTree = "<group>";
		};
		792CA9372B72929300E7A431 /* Controller */ = {
			isa = PBXGroup;
			children = (
				792CA9382B7292B800E7A431 /* HealthController.swift */,
			);
			path = Controller;
			sourceTree = "<group>";
		};
/* End PBXGroup section */

/* Begin PBXNativeTarget section */
		792CA9052B728D8500E7A431 /* MFT */ = {
			isa = PBXNativeTarget;
			buildConfigurationList = 792CA92C2B728D8800E7A431 /* Build configuration list for PBXNativeTarget "MFT" */;
			buildPhases = (
				792CA9022B728D8500E7A431 /* Sources */,
				792CA9032B728D8500E7A431 /* Frameworks */,
				792CA9042B728D8500E7A431 /* Resources */,
			);
			buildRules = (
			);
			dependencies = (
			);
			name = MFT;
			productName = MFT;
			productReference = 792CA9062B728D8500E7A431 /* MFT.app */;
			productType = "com.apple.product-type.application";
		};
		792CA9172B728D8800E7A431 /* MFTTests */ = {
			isa = PBXNativeTarget;
			buildConfigurationList = 792CA92F2B728D8800E7A431 /* Build configuration list for PBXNativeTarget "MFTTests" */;
			buildPhases = (
				792CA9142B728D8800E7A431 /* Sources */,
				792CA9152B728D8800E7A431 /* Frameworks */,
				792CA9162B728D8800E7A431 /* Resources */,
			);
			buildRules = (
			);
			dependencies = (
				792CA91A2B728D8800E7A431 /* PBXTargetDependency */,
			);
			name = MFTTests;
			productName = MFTTests;
			productReference = 792CA9182B728D8800E7A431 /* MFTTests.xctest */;
			productType = "com.apple.product-type.bundle.unit-test";
		};
		792CA9212B728D8800E7A431 /* MFTUITests */ = {
			isa = PBXNativeTarget;
			buildConfigurationList = 792CA9322B728D8800E7A431 /* Build configuration list for PBXNativeTarget "MFTUITests" */;
			buildPhases = (
				792CA91E2B728D8800E7A431 /* Sources */,
				792CA91F2B728D8800E7A431 /* Frameworks */,
				792CA9202B728D8800E7A431 /* Resources */,
			);
			buildRules = (
			);
			dependencies = (
				792CA9242B728D8800E7A431 /* PBXTargetDependency */,
			);
			name = MFTUITests;
			productName = MFTUITests;
			productReference = 792CA9222B728D8800E7A431 /* MFTUITests.xctest */;
			productType = "com.apple.product-type.bundle.ui-testing";
		};
/* End PBXNativeTarget section */

/* Begin PBXProject section */
		792CA8FE2B728D8500E7A431 /* Project object */ = {
			isa = PBXProject;
			attributes = {
				BuildIndependentTargetsInParallel = 1;
				LastSwiftUpdateCheck = 1520;
				LastUpgradeCheck = 1520;
				TargetAttributes = {
					792CA9052B728D8500E7A431 = {
						CreatedOnToolsVersion = 15.2;
					};
					792CA9172B728D8800E7A431 = {
						CreatedOnToolsVersion = 15.2;
						TestTargetID = 792CA9052B728D8500E7A431;
					};
					792CA9212B728D8800E7A431 = {
						CreatedOnToolsVersion = 15.2;
						TestTargetID = 792CA9052B728D8500E7A431;
					};
				};
			};
			buildConfigurationList = 792CA9012B728D8500E7A431 /* Build configuration list for PBXProject "MFT" */;
			compatibilityVersion = "Xcode 14.0";
			developmentRegion = en;
			hasScannedForEncodings = 0;
			knownRegions = (
				en,
				Base,
			);
			mainGroup = 792CA8FD2B728D8500E7A431;
			productRefGroup = 792CA9072B728D8500E7A431 /* Products */;
			projectDirPath = "";
			projectRoot = "";
			targets = (
				792CA9052B728D8500E7A431 /* MFT */,
				792CA9172B728D8800E7A431 /* MFTTests */,
				792CA9212B728D8800E7A431 /* MFTUITests */,
			);
		};
/* End PBXProject section */

/* Begin PBXResourcesBuildPhase section */
		792CA9042B728D8500E7A431 /* Resources */ = {
			isa = PBXResourcesBuildPhase;
			buildActionMask = 2147483647;
			files = (
				792CA9132B728D8700E7A431 /* Preview Assets.xcassets in Resources */,
				792CA9102B728D8700E7A431 /* Assets.xcassets in Resources */,
			);
			runOnlyForDeploymentPostprocessing = 0;
		};
		792CA9162B728D8800E7A431 /* Resources */ = {
			isa = PBXResourcesBuildPhase;
			buildActionMask = 2147483647;
			files = (
			);
			runOnlyForDeploymentPostprocessing = 0;
		};
		792CA9202B728D8800E7A431 /* Resources */ = {
			isa = PBXResourcesBuildPhase;
			buildActionMask = 2147483647;
			files = (
			);
			runOnlyForDeploymentPostprocessing = 0;
		};
/* End PBXResourcesBuildPhase section */

/* Begin PBXSourcesBuildPhase section */
		792CA9022B728D8500E7A431 /* Sources */ = {
			isa = PBXSourcesBuildPhase;
			buildActionMask = 2147483647;
			files = (
				792CA90C2B728D8500E7A431 /* ContentView.swift in Sources */,
				792CA93B2B72A9B700E7A431 /* BarGraphView.swift in Sources */,
				792CA90E2B728D8500E7A431 /* Item.swift in Sources */,
				792CA90A2B728D8500E7A431 /* MFTApp.swift in Sources */,
				792CA9392B7292B800E7A431 /* HealthController.swift in Sources */,
			);
			runOnlyForDeploymentPostprocessing = 0;
		};
		792CA9142B728D8800E7A431 /* Sources */ = {
			isa = PBXSourcesBuildPhase;
			buildActionMask = 2147483647;
			files = (
				792CA91D2B728D8800E7A431 /* MFTTests.swift in Sources */,
			);
			runOnlyForDeploymentPostprocessing = 0;
		};
		792CA91E2B728D8800E7A431 /* Sources */ = {
			isa = PBXSourcesBuildPhase;
			buildActionMask = 2147483647;
			files = (
				792CA9292B728D8800E7A431 /* MFTUITestsLaunchTests.swift in Sources */,
				792CA9272B728D8800E7A431 /* MFTUITests.swift in Sources */,
			);
			runOnlyForDeploymentPostprocessing = 0;
		};
/* End PBXSourcesBuildPhase section */

/* Begin PBXTargetDependency section */
		792CA91A2B728D8800E7A431 /* PBXTargetDependency */ = {
			isa = PBXTargetDependency;
			target = 792CA9052B728D8500E7A431 /* MFT */;
			targetProxy = 792CA9192B728D8800E7A431 /* PBXContainerItemProxy */;
		};
		792CA9242B728D8800E7A431 /* PBXTargetDependency */ = {
			isa = PBXTargetDependency;
			target = 792CA9052B728D8500E7A431 /* MFT */;
			targetProxy = 792CA9232B728D8800E7A431 /* PBXContainerItemProxy */;
		};
/* End PBXTargetDependency section */

/* Begin XCBuildConfiguration section */
		792CA92A2B728D8800E7A431 /* Debug */ = {
			isa = XCBuildConfiguration;
			buildSettings = {
				ALWAYS_SEARCH_USER_PATHS = NO;
				ASSETCATALOG_COMPILER_GENERATE_SWIFT_ASSET_SYMBOL_EXTENSIONS = YES;
				CLANG_ANALYZER_NONNULL = YES;
				CLANG_ANALYZER_NUMBER_OBJECT_CONVERSION = YES_AGGRESSIVE;
				CLANG_CXX_LANGUAGE_STANDARD = "gnu++20";
				CLANG_ENABLE_MODULES = YES;
				CLANG_ENABLE_OBJC_ARC = YES;
				CLANG_ENABLE_OBJC_WEAK = YES;
				CLANG_WARN_BLOCK_CAPTURE_AUTORELEASING = YES;
				CLANG_WARN_BOOL_CONVERSION = YES;
				CLANG_WARN_COMMA = YES;
				CLANG_WARN_CONSTANT_CONVERSION = YES;
				CLANG_WARN_DEPRECATED_OBJC_IMPLEMENTATIONS = YES;
				CLANG_WARN_DIRECT_OBJC_ISA_USAGE = YES_ERROR;
				CLANG_WARN_DOCUMENTATION_COMMENTS = YES;
				CLANG_WARN_EMPTY_BODY = YES;
				CLANG_WARN_ENUM_CONVERSION = YES;
				CLANG_WARN_INFINITE_RECURSION = YES;
				CLANG_WARN_INT_CONVERSION = YES;
				CLANG_WARN_NON_LITERAL_NULL_CONVERSION = YES;
				CLANG_WARN_OBJC_IMPLICIT_RETAIN_SELF = YES;
				CLANG_WARN_OBJC_LITERAL_CONVERSION = YES;
				CLANG_WARN_OBJC_ROOT_CLASS = YES_ERROR;
				CLANG_WARN_QUOTED_INCLUDE_IN_FRAMEWORK_HEADER = YES;
				CLANG_WARN_RANGE_LOOP_ANALYSIS = YES;
				CLANG_WARN_STRICT_PROTOTYPES = YES;
				CLANG_WARN_SUSPICIOUS_MOVE = YES;
				CLANG_WARN_UNGUARDED_AVAILABILITY = YES_AGGRESSIVE;
				CLANG_WARN_UNREACHABLE_CODE = YES;
				CLANG_WARN__DUPLICATE_METHOD_MATCH = YES;
				COPY_PHASE_STRIP = NO;
				DEBUG_INFORMATION_FORMAT = dwarf;
				ENABLE_STRICT_OBJC_MSGSEND = YES;
				ENABLE_TESTABILITY = YES;
				ENABLE_USER_SCRIPT_SANDBOXING = YES;
				GCC_C_LANGUAGE_STANDARD = gnu17;
				GCC_DYNAMIC_NO_PIC = NO;
				GCC_NO_COMMON_BLOCKS = YES;
				GCC_OPTIMIZATION_LEVEL = 0;
				GCC_PREPROCESSOR_DEFINITIONS = (
					"DEBUG=1",
					"$(inherited)",
				);
				GCC_WARN_64_TO_32_BIT_CONVERSION = YES;
				GCC_WARN_ABOUT_RETURN_TYPE = YES_ERROR;
				GCC_WARN_UNDECLARED_SELECTOR = YES;
				GCC_WARN_UNINITIALIZED_AUTOS = YES_AGGRESSIVE;
				GCC_WARN_UNUSED_FUNCTION = YES;
				GCC_WARN_UNUSED_VARIABLE = YES;
				IPHONEOS_DEPLOYMENT_TARGET = 17.2;
				LOCALIZATION_PREFERS_STRING_CATALOGS = YES;
				MTL_ENABLE_DEBUG_INFO = INCLUDE_SOURCE;
				MTL_FAST_MATH = YES;
				ONLY_ACTIVE_ARCH = YES;
				SDKROOT = iphoneos;
				SWIFT_ACTIVE_COMPILATION_CONDITIONS = "DEBUG $(inherited)";
				SWIFT_OPTIMIZATION_LEVEL = "-Onone";
			};
			name = Debug;
		};
		792CA92B2B728D8800E7A431 /* Release */ = {
			isa = XCBuildConfiguration;
			buildSettings = {
				ALWAYS_SEARCH_USER_PATHS = NO;
				ASSETCATALOG_COMPILER_GENERATE_SWIFT_ASSET_SYMBOL_EXTENSIONS = YES;
				CLANG_ANALYZER_NONNULL = YES;
				CLANG_ANALYZER_NUMBER_OBJECT_CONVERSION = YES_AGGRESSIVE;
				CLANG_CXX_LANGUAGE_STANDARD = "gnu++20";
				CLANG_ENABLE_MODULES = YES;
				CLANG_ENABLE_OBJC_ARC = YES;
				CLANG_ENABLE_OBJC_WEAK = YES;
				CLANG_WARN_BLOCK_CAPTURE_AUTORELEASING = YES;
				CLANG_WARN_BOOL_CONVERSION = YES;
				CLANG_WARN_COMMA = YES;
				CLANG_WARN_CONSTANT_CONVERSION = YES;
				CLANG_WARN_DEPRECATED_OBJC_IMPLEMENTATIONS = YES;
				CLANG_WARN_DIRECT_OBJC_ISA_USAGE = YES_ERROR;
				CLANG_WARN_DOCUMENTATION_COMMENTS = YES;
				CLANG_WARN_EMPTY_BODY = YES;
				CLANG_WARN_ENUM_CONVERSION = YES;
				CLANG_WARN_INFINITE_RECURSION = YES;
				CLANG_WARN_INT_CONVERSION = YES;
				CLANG_WARN_NON_LITERAL_NULL_CONVERSION = YES;
				CLANG_WARN_OBJC_IMPLICIT_RETAIN_SELF = YES;
				CLANG_WARN_OBJC_LITERAL_CONVERSION = YES;
				CLANG_WARN_OBJC_ROOT_CLASS = YES_ERROR;
				CLANG_WARN_QUOTED_INCLUDE_IN_FRAMEWORK_HEADER = YES;
				CLANG_WARN_RANGE_LOOP_ANALYSIS = YES;
				CLANG_WARN_STRICT_PROTOTYPES = YES;
				CLANG_WARN_SUSPICIOUS_MOVE = YES;
				CLANG_WARN_UNGUARDED_AVAILABILITY = YES_AGGRESSIVE;
				CLANG_WARN_UNREACHABLE_CODE = YES;
				CLANG_WARN__DUPLICATE_METHOD_MATCH = YES;
				COPY_PHASE_STRIP = NO;
				DEBUG_INFORMATION_FORMAT = "dwarf-with-dsym";
				ENABLE_NS_ASSERTIONS = NO;
				ENABLE_STRICT_OBJC_MSGSEND = YES;
				ENABLE_USER_SCRIPT_SANDBOXING = YES;
				GCC_C_LANGUAGE_STANDARD = gnu17;
				GCC_NO_COMMON_BLOCKS = YES;
				GCC_WARN_64_TO_32_BIT_CONVERSION = YES;
				GCC_WARN_ABOUT_RETURN_TYPE = YES_ERROR;
				GCC_WARN_UNDECLARED_SELECTOR = YES;
				GCC_WARN_UNINITIALIZED_AUTOS = YES_AGGRESSIVE;
				GCC_WARN_UNUSED_FUNCTION = YES;
				GCC_WARN_UNUSED_VARIABLE = YES;
				IPHONEOS_DEPLOYMENT_TARGET = 17.2;
				LOCALIZATION_PREFERS_STRING_CATALOGS = YES;
				MTL_ENABLE_DEBUG_INFO = NO;
				MTL_FAST_MATH = YES;
				SDKROOT = iphoneos;
				SWIFT_COMPILATION_MODE = wholemodule;
				VALIDATE_PRODUCT = YES;
			};
			name = Release;
		};
		792CA92D2B728D8800E7A431 /* Debug */ = {
			isa = XCBuildConfiguration;
			buildSettings = {
				ASSETCATALOG_COMPILER_APPICON_NAME = AppIcon;
				ASSETCATALOG_COMPILER_GLOBAL_ACCENT_COLOR_NAME = AccentColor;
				CODE_SIGN_ENTITLEMENTS = MFT/MFT.entitlements;
				CODE_SIGN_STYLE = Automatic;
				CURRENT_PROJECT_VERSION = 1;
				DEVELOPMENT_ASSET_PATHS = "\"MFT/Preview Content\"";
				DEVELOPMENT_TEAM = WGV6977XHB;
				ENABLE_PREVIEWS = YES;
				GENERATE_INFOPLIST_FILE = YES;
				INFOPLIST_FILE = MFT/Info.plist;
				INFOPLIST_KEY_NSHealthShareUsageDescription = "Need to acces data for dashboard";
				INFOPLIST_KEY_UIApplicationSceneManifest_Generation = YES;
				INFOPLIST_KEY_UIApplicationSupportsIndirectInputEvents = YES;
				INFOPLIST_KEY_UILaunchScreen_Generation = YES;
				INFOPLIST_KEY_UISupportedInterfaceOrientations_iPad = "UIInterfaceOrientationPortrait UIInterfaceOrientationPortraitUpsideDown UIInterfaceOrientationLandscapeLeft UIInterfaceOrientationLandscapeRight";
				INFOPLIST_KEY_UISupportedInterfaceOrientations_iPhone = "UIInterfaceOrientationPortrait UIInterfaceOrientationLandscapeLeft UIInterfaceOrientationLandscapeRight";
				LD_RUNPATH_SEARCH_PATHS = (
					"$(inherited)",
					"@executable_path/Frameworks",
				);
				MARKETING_VERSION = 1.0;
				PRODUCT_BUNDLE_IDENTIFIER = Miracle.MFT;
				PRODUCT_NAME = "$(TARGET_NAME)";
				SWIFT_EMIT_LOC_STRINGS = YES;
				SWIFT_VERSION = 5.0;
				TARGETED_DEVICE_FAMILY = "1,2";
			};
			name = Debug;
		};
		792CA92E2B728D8800E7A431 /* Release */ = {
			isa = XCBuildConfiguration;
			buildSettings = {
				ASSETCATALOG_COMPILER_APPICON_NAME = AppIcon;
				ASSETCATALOG_COMPILER_GLOBAL_ACCENT_COLOR_NAME = AccentColor;
				CODE_SIGN_ENTITLEMENTS = MFT/MFT.entitlements;
				CODE_SIGN_STYLE = Automatic;
				CURRENT_PROJECT_VERSION = 1;
				DEVELOPMENT_ASSET_PATHS = "\"MFT/Preview Content\"";
				DEVELOPMENT_TEAM = WGV6977XHB;
				ENABLE_PREVIEWS = YES;
				GENERATE_INFOPLIST_FILE = YES;
				INFOPLIST_FILE = MFT/Info.plist;
				INFOPLIST_KEY_NSHealthShareUsageDescription = "Need to acces data for dashboard";
				INFOPLIST_KEY_UIApplicationSceneManifest_Generation = YES;
				INFOPLIST_KEY_UIApplicationSupportsIndirectInputEvents = YES;
				INFOPLIST_KEY_UILaunchScreen_Generation = YES;
				INFOPLIST_KEY_UISupportedInterfaceOrientations_iPad = "UIInterfaceOrientationPortrait UIInterfaceOrientationPortraitUpsideDown UIInterfaceOrientationLandscapeLeft UIInterfaceOrientationLandscapeRight";
				INFOPLIST_KEY_UISupportedInterfaceOrientations_iPhone = "UIInterfaceOrientationPortrait UIInterfaceOrientationLandscapeLeft UIInterfaceOrientationLandscapeRight";
				LD_RUNPATH_SEARCH_PATHS = (
					"$(inherited)",
					"@executable_path/Frameworks",
				);
				MARKETING_VERSION = 1.0;
				PRODUCT_BUNDLE_IDENTIFIER = Miracle.MFT;
				PRODUCT_NAME = "$(TARGET_NAME)";
				SWIFT_EMIT_LOC_STRINGS = YES;
				SWIFT_VERSION = 5.0;
				TARGETED_DEVICE_FAMILY = "1,2";
			};
			name = Release;
		};
		792CA9302B728D8800E7A431 /* Debug */ = {
			isa = XCBuildConfiguration;
			buildSettings = {
				ALWAYS_EMBED_SWIFT_STANDARD_LIBRARIES = YES;
				BUNDLE_LOADER = "$(TEST_HOST)";
				CODE_SIGN_STYLE = Automatic;
				CURRENT_PROJECT_VERSION = 1;
				GENERATE_INFOPLIST_FILE = YES;
				IPHONEOS_DEPLOYMENT_TARGET = 17.2;
				MARKETING_VERSION = 1.0;
				PRODUCT_BUNDLE_IDENTIFIER = Miracle.MFTTests;
				PRODUCT_NAME = "$(TARGET_NAME)";
				SWIFT_EMIT_LOC_STRINGS = NO;
				SWIFT_VERSION = 5.0;
				TARGETED_DEVICE_FAMILY = "1,2";
				TEST_HOST = "$(BUILT_PRODUCTS_DIR)/MFT.app/$(BUNDLE_EXECUTABLE_FOLDER_PATH)/MFT";
			};
			name = Debug;
		};
		792CA9312B728D8800E7A431 /* Release */ = {
			isa = XCBuildConfiguration;
			buildSettings = {
				ALWAYS_EMBED_SWIFT_STANDARD_LIBRARIES = YES;
				BUNDLE_LOADER = "$(TEST_HOST)";
				CODE_SIGN_STYLE = Automatic;
				CURRENT_PROJECT_VERSION = 1;
				GENERATE_INFOPLIST_FILE = YES;
				IPHONEOS_DEPLOYMENT_TARGET = 17.2;
				MARKETING_VERSION = 1.0;
				PRODUCT_BUNDLE_IDENTIFIER = Miracle.MFTTests;
				PRODUCT_NAME = "$(TARGET_NAME)";
				SWIFT_EMIT_LOC_STRINGS = NO;
				SWIFT_VERSION = 5.0;
				TARGETED_DEVICE_FAMILY = "1,2";
				TEST_HOST = "$(BUILT_PRODUCTS_DIR)/MFT.app/$(BUNDLE_EXECUTABLE_FOLDER_PATH)/MFT";
			};
			name = Release;
		};
		792CA9332B728D8800E7A431 /* Debug */ = {
			isa = XCBuildConfiguration;
			buildSettings = {
				ALWAYS_EMBED_SWIFT_STANDARD_LIBRARIES = YES;
				CODE_SIGN_STYLE = Automatic;
				CURRENT_PROJECT_VERSION = 1;
				GENERATE_INFOPLIST_FILE = YES;
				MARKETING_VERSION = 1.0;
				PRODUCT_BUNDLE_IDENTIFIER = Miracle.MFTUITests;
				PRODUCT_NAME = "$(TARGET_NAME)";
				SWIFT_EMIT_LOC_STRINGS = NO;
				SWIFT_VERSION = 5.0;
				TARGETED_DEVICE_FAMILY = "1,2";
				TEST_TARGET_NAME = MFT;
			};
			name = Debug;
		};
		792CA9342B728D8800E7A431 /* Release */ = {
			isa = XCBuildConfiguration;
			buildSettings = {
				ALWAYS_EMBED_SWIFT_STANDARD_LIBRARIES = YES;
				CODE_SIGN_STYLE = Automatic;
				CURRENT_PROJECT_VERSION = 1;
				GENERATE_INFOPLIST_FILE = YES;
				MARKETING_VERSION = 1.0;
				PRODUCT_BUNDLE_IDENTIFIER = Miracle.MFTUITests;
				PRODUCT_NAME = "$(TARGET_NAME)";
				SWIFT_EMIT_LOC_STRINGS = NO;
				SWIFT_VERSION = 5.0;
				TARGETED_DEVICE_FAMILY = "1,2";
				TEST_TARGET_NAME = MFT;
			};
			name = Release;
		};
/* End XCBuildConfiguration section */

/* Begin XCConfigurationList section */
		792CA9012B728D8500E7A431 /* Build configuration list for PBXProject "MFT" */ = {
			isa = XCConfigurationList;
			buildConfigurations = (
				792CA92A2B728D8800E7A431 /* Debug */,
				792CA92B2B728D8800E7A431 /* Release */,
			);
			defaultConfigurationIsVisible = 0;
			defaultConfigurationName = Release;
		};
		792CA92C2B728D8800E7A431 /* Build configuration list for PBXNativeTarget "MFT" */ = {
			isa = XCConfigurationList;
			buildConfigurations = (
				792CA92D2B728D8800E7A431 /* Debug */,
				792CA92E2B728D8800E7A431 /* Release */,
			);
			defaultConfigurationIsVisible = 0;
			defaultConfigurationName = Release;
		};
		792CA92F2B728D8800E7A431 /* Build configuration list for PBXNativeTarget "MFTTests" */ = {
			isa = XCConfigurationList;
			buildConfigurations = (
				792CA9302B728D8800E7A431 /* Debug */,
				792CA9312B728D8800E7A431 /* Release */,
			);
			defaultConfigurationIsVisible = 0;
			defaultConfigurationName = Release;
		};
		792CA9322B728D8800E7A431 /* Build configuration list for PBXNativeTarget "MFTUITests" */ = {
			isa = XCConfigurationList;
			buildConfigurations = (
				792CA9332B728D8800E7A431 /* Debug */,
				792CA9342B728D8800E7A431 /* Release */,
			);
			defaultConfigurationIsVisible = 0;
			defaultConfigurationName = Release;
		};
/* End XCConfigurationList section */
	};
	rootObject = 792CA8FE2B728D8500E7A431 /* Project object */;
}
